{
  "nodes": {
    "flake-compat": {
      "flake": false,
      "locked": {
        "lastModified": 1767039857,
        "narHash": "sha256-vNpUSpF5Nuw8xvDLj2KCwwksIbjua2LZCqhV1LNRDns=",
        "owner": "NixOS",
        "repo": "flake-compat",
        "rev": "5edf11c44bc78a0d334f6334cdaf7d60d732daab",
        "type": "github"
      },
      "original": {
        "owner": "NixOS",
        "repo": "flake-compat",
        "type": "github"
      }
    },
    "flake-parts": {
      "inputs": {
        "nixpkgs-lib": [
          "nixpkgs"
        ]
      },
      "locked": {
        "lastModified": 1768135262,
        "narHash": "sha256-PVvu7OqHBGWN16zSi6tEmPwwHQ4rLPU9Plvs8/1TUBY=",
        "owner": "hercules-ci",
        "repo": "flake-parts",
        "rev": "80daad04eddbbf5a4d883996a73f3f542fa437ac",
        "type": "github"
      },
      "original": {
        "owner": "hercules-ci",
        "repo": "flake-parts",
        "type": "github"
      }
    },
    "gitignore": {
      "inputs": {
        "nixpkgs": [
          "pre-commit-hooks",
          "nixpkgs"
        ]
      },
      "locked": {
        "lastModified": 1709087332,
        "narHash": "sha256-HG2cCnktfHsKV0s4XW83gU3F57gaTljL9KNSuG6bnQs=",
        "owner": "hercules-ci",
        "repo": "gitignore.nix",
        "rev": "637db329424fd7e46cf4185293b9cc8c88c95394",
        "type": "github"
      },
      "original": {
        "owner": "hercules-ci",
        "repo": "gitignore.nix",
        "type": "github"
      }
    },
    "mcp-servers-nix": {
      "inputs": {
        "nixpkgs": [
          "nixpkgs"
        ]
      },
      "locked": {
        "lastModified": 1769922705,
        "narHash": "sha256-o9vlv4V1ge3Ahhh8ZERJp8XSDBaFZ6lfwziv5PNamGQ=",
        "owner": "natsukium",
        "repo": "mcp-servers-nix",
        "rev": "165f575ce5020d23ed8847b8ec74c62707d3e320",
        "type": "github"
      },
      "original": {
        "owner": "natsukium",
        "repo": "mcp-servers-nix",
        "type": "github"
      }
    },
    "nixpkgs": {
      "locked": {
        "lastModified": 1769740369,
        "narHash": "sha256-xKPyJoMoXfXpDM5DFDZDsi9PHArf2k5BJjvReYXoFpM=",
        "owner": "NixOS",
        "repo": "nixpkgs",
        "rev": "6308c3b21396534d8aaeac46179c14c439a89b8a",
        "type": "github"
      },
      "original": {
        "owner": "NixOS",
        "ref": "nixpkgs-unstable",
        "repo": "nixpkgs",
        "type": "github"
      }
    },
    "pre-commit-hooks": {
      "inputs": {
        "flake-compat": "flake-compat",
        "gitignore": "gitignore",
        "nixpkgs": [
          "nixpkgs"
        ]
      },
      "locked": {
        "lastModified": 1769939035,
        "narHash": "sha256-Fok2AmefgVA0+eprw2NDwqKkPGEI5wvR+twiZagBvrg=",
        "owner": "cachix",
        "repo": "git-hooks.nix",
        "rev": "a8ca480175326551d6c4121498316261cbb5b260",
        "type": "github"
      },
      "original": {
        "owner": "cachix",
        "repo": "git-hooks.nix",
        "type": "github"
      }
    },
    "root": {
      "inputs": {
        "flake-parts": "flake-parts",
        "mcp-servers-nix": "mcp-servers-nix",
        "nixpkgs": "nixpkgs",
        "pre-commit-hooks": "pre-commit-hooks",
        "systems": "systems",
        "treefmt-nix": "treefmt-nix"
      }
    },
    "systems": {
      "locked": {
        "lastModified": 1681028828,
        "narHash": "sha256-Vy1rq5AaRuLzOxct8nz4T6wlgyUR7zLU309k9mBC768=",
        "owner": "nix-systems",
        "repo": "default",
        "rev": "da67096a3b9bf56a91d16901293e51ba5b49a27e",
        "type": "github"
      },
      "original": {
        "owner": "nix-systems",
        "repo": "default",
        "type": "github"
      }
    },
    "treefmt-nix": {
      "inputs": {
        "nixpkgs": [
          "nixpkgs"
        ]
      },
      "locked": {
        "lastModified": 1769691507,
        "narHash": "sha256-8aAYwyVzSSwIhP2glDhw/G0i5+wOrren3v6WmxkVonM=",
        "owner": "numtide",
        "repo": "treefmt-nix",
        "rev": "28b19c5844cc6e2257801d43f2772a4b4c050a1b",
        "type": "github"
      },
      "original": {
        "owner": "numtide",
        "repo": "treefmt-nix",
        "type": "github"
      }
    }
  },
  "root": "root",
  "version": 7
}
